
Microsoft Visual Studio Solution File, Format Version 12.00
# Visual Studio Version 17
VisualStudioVersion = 17.2.32526.322
MinimumVisualStudioVersion = 10.0.40219.1
Project("{FAE04EC0-301F-11D3-BF4B-00C04F79EFBC}") = "gDMS.Web", "gDMS.Web\gDMS.Web.csproj", "{EDCE3277-AD33-42E2-BE9D-A6656EC98CCA}"
EndProject
Global
	GlobalSection(SolutionConfigurationPlatforms) = preSolution
		Debug|Any CPU = Debug|Any CPU
		Release|Any CPU = Release|Any CPU
	EndGlobalSection
	GlobalSection(ProjectConfigurationPlatforms) = postSolution
		{EDCE3277-AD33-42E2-BE9D-A6656EC98CCA}.Debug|Any CPU.ActiveCfg = Debug|Any CPU
		{EDCE3277-AD33-42E2-BE9D-A6656EC98CCA}.Debug|Any CPU.Build.0 = Debug|Any CPU
		{EDCE3277-AD33-42E2-BE9D-A6656EC98CCA}.Release|Any CPU.ActiveCfg = Release|Any CPU
		{EDCE3277-AD33-42E2-BE9D-A6656EC98CCA}.Release|Any CPU.Build.0 = Release|Any CPU
	EndGlobalSection
	GlobalSection(SolutionProperties) = preSolution
		HideSolutionNode = FALSE
	EndGlobalSection
	GlobalSection(ExtensibilityGlobals) = postSolution
		SolutionGuid = {730127AD-AF2E-428E-A2F3-C7BD12EB9D66}
	EndGlobalSection
EndGlobal
